
Microsoft Visual Studio Solution File, Format Version 12.00
# Visual Studio Version 17
VisualStudioVersion = 17.0.31903.59
MinimumVisualStudioVersion = 10.0.40219.1
Project("{2150E333-8FDC-42A3-9474-1A3956D46DE8}") = "src", "src", "{827E0CD3-B72D-47B6-A68D-7590B98EB39B}"
EndProject
Project("{FAE04EC0-301F-11D3-BF4B-00C04F79EFBC}") = "NodeRed.Util", "src\NodeRed.Util\NodeRed.Util.csproj", "{1CBE7FD0-22AD-4CA8-AF44-A7114FFEB7D4}"
EndProject
Project("{FAE04EC0-301F-11D3-BF4B-00C04F79EFBC}") = "NodeRed.Runtime", "src\NodeRed.Runtime\NodeRed.Runtime.csproj", "{47FB3872-2191-4C1B-B9B4-BFBDF2B01125}"
EndProject
Project("{FAE04EC0-301F-11D3-BF4B-00C04F79EFBC}") = "NodeRed.Registry", "src\NodeRed.Registry\NodeRed.Registry.csproj", "{B523F3E8-13FE-40CE-903E-294A2348B215}"
EndProject
Project("{FAE04EC0-301F-11D3-BF4B-00C04F79EFBC}") = "NodeRed.EditorApi", "src\NodeRed.EditorApi\NodeRed.EditorApi.csproj", "{F7A8B025-FD94-47CC-9255-9AA66C03021B}"
EndProject
Project("{FAE04EC0-301F-11D3-BF4B-00C04F79EFBC}") = "NodeRed.Editor", "src\NodeRed.Editor\NodeRed.Editor.csproj", "{5ECCDF1F-0AF7-4097-A324-826EA2B2DABE}"
EndProject
Project("{FAE04EC0-301F-11D3-BF4B-00C04F79EFBC}") = "NodeRed.Nodes.Core", "src\NodeRed.Nodes.Core\NodeRed.Nodes.Core.csproj", "{562F96C0-EC31-4A42-A6FF-8E6835CC558B}"
EndProject
Project("{FAE04EC0-301F-11D3-BF4B-00C04F79EFBC}") = "NodeRed.Server", "src\NodeRed.Server\NodeRed.Server.csproj", "{ABE66FE4-E526-4088-BFA2-ED49878B175F}"
EndProject
Global
	GlobalSection(SolutionConfigurationPlatforms) = preSolution
		Debug|Any CPU = Debug|Any CPU
		Debug|x64 = Debug|x64
		Debug|x86 = Debug|x86
		Release|Any CPU = Release|Any CPU
		Release|x64 = Release|x64
		Release|x86 = Release|x86
	EndGlobalSection
	GlobalSection(ProjectConfigurationPlatforms) = postSolution
		{1CBE7FD0-22AD-4CA8-AF44-A7114FFEB7D4}.Debug|Any CPU.ActiveCfg = Debug|Any CPU
		{1CBE7FD0-22AD-4CA8-AF44-A7114FFEB7D4}.Debug|Any CPU.Build.0 = Debug|Any CPU
		{1CBE7FD0-22AD-4CA8-AF44-A7114FFEB7D4}.Debug|x64.ActiveCfg = Debug|Any CPU
		{1CBE7FD0-22AD-4CA8-AF44-A7114FFEB7D4}.Debug|x64.Build.0 = Debug|Any CPU
		{1CBE7FD0-22AD-4CA8-AF44-A7114FFEB7D4}.Debug|x86.ActiveCfg = Debug|Any CPU
		{1CBE7FD0-22AD-4CA8-AF44-A7114FFEB7D4}.Debug|x86.Build.0 = Debug|Any CPU
		{1CBE7FD0-22AD-4CA8-AF44-A7114FFEB7D4}.Release|Any CPU.ActiveCfg = Release|Any CPU
		{1CBE7FD0-22AD-4CA8-AF44-A7114FFEB7D4}.Release|Any CPU.Build.0 = Release|Any CPU
		{1CBE7FD0-22AD-4CA8-AF44-A7114FFEB7D4}.Release|x64.ActiveCfg = Release|Any CPU
		{1CBE7FD0-22AD-4CA8-AF44-A7114FFEB7D4}.Release|x64.Build.0 = Release|Any CPU
		{1CBE7FD0-22AD-4CA8-AF44-A7114FFEB7D4}.Release|x86.ActiveCfg = Release|Any CPU
		{1CBE7FD0-22AD-4CA8-AF44-A7114FFEB7D4}.Release|x86.Build.0 = Release|Any CPU
		{47FB3872-2191-4C1B-B9B4-BFBDF2B01125}.Debug|Any CPU.ActiveCfg = Debug|Any CPU
		{47FB3872-2191-4C1B-B9B4-BFBDF2B01125}.Debug|Any CPU.Build.0 = Debug|Any CPU
		{47FB3872-2191-4C1B-B9B4-BFBDF2B01125}.Debug|x64.ActiveCfg = Debug|Any CPU
		{47FB3872-2191-4C1B-B9B4-BFBDF2B01125}.Debug|x64.Build.0 = Debug|Any CPU
		{47FB3872-2191-4C1B-B9B4-BFBDF2B01125}.Debug|x86.ActiveCfg = Debug|Any CPU
		{47FB3872-2191-4C1B-B9B4-BFBDF2B01125}.Debug|x86.Build.0 = Debug|Any CPU
		{47FB3872-2191-4C1B-B9B4-BFBDF2B01125}.Release|Any CPU.ActiveCfg = Release|Any CPU
		{47FB3872-2191-4C1B-B9B4-BFBDF2B01125}.Release|Any CPU.Build.0 = Release|Any CPU
		{47FB3872-2191-4C1B-B9B4-BFBDF2B01125}.Release|x64.ActiveCfg = Release|Any CPU
		{47FB3872-2191-4C1B-B9B4-BFBDF2B01125}.Release|x64.Build.0 = Release|Any CPU
		{47FB3872-2191-4C1B-B9B4-BFBDF2B01125}.Release|x86.ActiveCfg = Release|Any CPU
		{47FB3872-2191-4C1B-B9B4-BFBDF2B01125}.Release|x86.Build.0 = Release|Any CPU
		{B523F3E8-13FE-40CE-903E-294A2348B215}.Debug|Any CPU.ActiveCfg = Debug|Any CPU
		{B523F3E8-13FE-40CE-903E-294A2348B215}.Debug|Any CPU.Build.0 = Debug|Any CPU
		{B523F3E8-13FE-40CE-903E-294A2348B215}.Debug|x64.ActiveCfg = Debug|Any CPU
		{B523F3E8-13FE-40CE-903E-294A2348B215}.Debug|x64.Build.0 = Debug|Any CPU
		{B523F3E8-13FE-40CE-903E-294A2348B215}.Debug|x86.ActiveCfg = Debug|Any CPU
		{B523F3E8-13FE-40CE-903E-294A2348B215}.Debug|x86.Build.0 = Debug|Any CPU
		{B523F3E8-13FE-40CE-903E-294A2348B215}.Release|Any CPU.ActiveCfg = Release|Any CPU
		{B523F3E8-13FE-40CE-903E-294A2348B215}.Release|Any CPU.Build.0 = Release|Any CPU
		{B523F3E8-13FE-40CE-903E-294A2348B215}.Release|x64.ActiveCfg = Release|Any CPU
		{B523F3E8-13FE-40CE-903E-294A2348B215}.Release|x64.Build.0 = Release|Any CPU
		{B523F3E8-13FE-40CE-903E-294A2348B215}.Release|x86.ActiveCfg = Release|Any CPU
		{B523F3E8-13FE-40CE-903E-294A2348B215}.Release|x86.Build.0 = Release|Any CPU
		{F7A8B025-FD94-47CC-9255-9AA66C03021B}.Debug|Any CPU.ActiveCfg = Debug|Any CPU
		{F7A8B025-FD94-47CC-9255-9AA66C03021B}.Debug|Any CPU.Build.0 = Debug|Any CPU
		{F7A8B025-FD94-47CC-9255-9AA66C03021B}.Debug|x64.ActiveCfg = Debug|Any CPU
		{F7A8B025-FD94-47CC-9255-9AA66C03021B}.Debug|x64.Build.0 = Debug|Any CPU
		{F7A8B025-FD94-47CC-9255-9AA66C03021B}.Debug|x86.ActiveCfg = Debug|Any CPU
		{F7A8B025-FD94-47CC-9255-9AA66C03021B}.Debug|x86.Build.0 = Debug|Any CPU
		{F7A8B025-FD94-47CC-9255-9AA66C03021B}.Release|Any CPU.ActiveCfg = Release|Any CPU
		{F7A8B025-FD94-47CC-9255-9AA66C03021B}.Release|Any CPU.Build.0 = Release|Any CPU
		{F7A8B025-FD94-47CC-9255-9AA66C03021B}.Release|x64.ActiveCfg = Release|Any CPU
		{F7A8B025-FD94-47CC-9255-9AA66C03021B}.Release|x64.Build.0 = Release|Any CPU
		{F7A8B025-FD94-47CC-9255-9AA66C03021B}.Release|x86.ActiveCfg = Release|Any CPU
		{F7A8B025-FD94-47CC-9255-9AA66C03021B}.Release|x86.Build.0 = Release|Any CPU
		{5ECCDF1F-0AF7-4097-A324-826EA2B2DABE}.Debug|Any CPU.ActiveCfg = Debug|Any CPU
		{5ECCDF1F-0AF7-4097-A324-826EA2B2DABE}.Debug|Any CPU.Build.0 = Debug|Any CPU
		{5ECCDF1F-0AF7-4097-A324-826EA2B2DABE}.Debug|x64.ActiveCfg = Debug|Any CPU
		{5ECCDF1F-0AF7-4097-A324-826EA2B2DABE}.Debug|x64.Build.0 = Debug|Any CPU
		{5ECCDF1F-0AF7-4097-A324-826EA2B2DABE}.Debug|x86.ActiveCfg = Debug|Any CPU
		{5ECCDF1F-0AF7-4097-A324-826EA2B2DABE}.Debug|x86.Build.0 = Debug|Any CPU
		{5ECCDF1F-0AF7-4097-A324-826EA2B2DABE}.Release|Any CPU.ActiveCfg = Release|Any CPU
		{5ECCDF1F-0AF7-4097-A324-826EA2B2DABE}.Release|Any CPU.Build.0 = Release|Any CPU
		{5ECCDF1F-0AF7-4097-A324-826EA2B2DABE}.Release|x64.ActiveCfg = Release|Any CPU
		{5ECCDF1F-0AF7-4097-A324-826EA2B2DABE}.Release|x64.Build.0 = Release|Any CPU
		{5ECCDF1F-0AF7-4097-A324-826EA2B2DABE}.Release|x86.ActiveCfg = Release|Any CPU
		{5ECCDF1F-0AF7-4097-A324-826EA2B2DABE}.Release|x86.Build.0 = Release|Any CPU
		{562F96C0-EC31-4A42-A6FF-8E6835CC558B}.Debug|Any CPU.ActiveCfg = Debug|Any CPU
		{562F96C0-EC31-4A42-A6FF-8E6835CC558B}.Debug|Any CPU.Build.0 = Debug|Any CPU
		{562F96C0-EC31-4A42-A6FF-8E6835CC558B}.Debug|x64.ActiveCfg = Debug|Any CPU
		{562F96C0-EC31-4A42-A6FF-8E6835CC558B}.Debug|x64.Build.0 = Debug|Any CPU
		{562F96C0-EC31-4A42-A6FF-8E6835CC558B}.Debug|x86.ActiveCfg = Debug|Any CPU
		{562F96C0-EC31-4A42-A6FF-8E6835CC558B}.Debug|x86.Build.0 = Debug|Any CPU
		{562F96C0-EC31-4A42-A6FF-8E6835CC558B}.Release|Any CPU.ActiveCfg = Release|Any CPU
		{562F96C0-EC31-4A42-A6FF-8E6835CC558B}.Release|Any CPU.Build.0 = Release|Any CPU
		{562F96C0-EC31-4A42-A6FF-8E6835CC558B}.Release|x64.ActiveCfg = Release|Any CPU
		{562F96C0-EC31-4A42-A6FF-8E6835CC558B}.Release|x64.Build.0 = Release|Any CPU
		{562F96C0-EC31-4A42-A6FF-8E6835CC558B}.Release|x86.ActiveCfg = Release|Any CPU
		{562F96C0-EC31-4A42-A6FF-8E6835CC558B}.Release|x86.Build.0 = Release|Any CPU
		{ABE66FE4-E526-4088-BFA2-ED49878B175F}.Debug|Any CPU.ActiveCfg = Debug|Any CPU
		{ABE66FE4-E526-4088-BFA2-ED49878B175F}.Debug|Any CPU.Build.0 = Debug|Any CPU
		{ABE66FE4-E526-4088-BFA2-ED49878B175F}.Debug|x64.ActiveCfg = Debug|Any CPU
		{ABE66FE4-E526-4088-BFA2-ED49878B175F}.Debug|x64.Build.0 = Debug|Any CPU
		{ABE66FE4-E526-4088-BFA2-ED49878B175F}.Debug|x86.ActiveCfg = Debug|Any CPU
		{ABE66FE4-E526-4088-BFA2-ED49878B175F}.Debug|x86.Build.0 = Debug|Any CPU
		{ABE66FE4-E526-4088-BFA2-ED49878B175F}.Release|Any CPU.ActiveCfg = Release|Any CPU
		{ABE66FE4-E526-4088-BFA2-ED49878B175F}.Release|Any CPU.Build.0 = Release|Any CPU
		{ABE66FE4-E526-4088-BFA2-ED49878B175F}.Release|x64.ActiveCfg = Release|Any CPU
		{ABE66FE4-E526-4088-BFA2-ED49878B175F}.Release|x64.Build.0 = Release|Any CPU
		{ABE66FE4-E526-4088-BFA2-ED49878B175F}.Release|x86.ActiveCfg = Release|Any CPU
		{ABE66FE4-E526-4088-BFA2-ED49878B175F}.Release|x86.Build.0 = Release|Any CPU
	EndGlobalSection
	GlobalSection(SolutionProperties) = preSolution
		HideSolutionNode = FALSE
	EndGlobalSection
	GlobalSection(NestedProjects) = preSolution
		{1CBE7FD0-22AD-4CA8-AF44-A7114FFEB7D4} = {827E0CD3-B72D-47B6-A68D-7590B98EB39B}
		{47FB3872-2191-4C1B-B9B4-BFBDF2B01125} = {827E0CD3-B72D-47B6-A68D-7590B98EB39B}
		{B523F3E8-13FE-40CE-903E-294A2348B215} = {827E0CD3-B72D-47B6-A68D-7590B98EB39B}
		{F7A8B025-FD94-47CC-9255-9AA66C03021B} = {827E0CD3-B72D-47B6-A68D-7590B98EB39B}
		{5ECCDF1F-0AF7-4097-A324-826EA2B2DABE} = {827E0CD3-B72D-47B6-A68D-7590B98EB39B}
		{562F96C0-EC31-4A42-A6FF-8E6835CC558B} = {827E0CD3-B72D-47B6-A68D-7590B98EB39B}
		{ABE66FE4-E526-4088-BFA2-ED49878B175F} = {827E0CD3-B72D-47B6-A68D-7590B98EB39B}
	EndGlobalSection
EndGlobal
