
Microsoft Visual Studio Solution File, Format Version 12.00
# Visual Studio Version 17
VisualStudioVersion = 17.0.31903.59
MinimumVisualStudioVersion = 10.0.40219.1
Project("{2150E333-8FDC-42A3-9474-1A3956D46DE8}") = "src", "src", "{827E0CD3-B72D-47B6-A68D-7590B98EB39B}"
EndProject
Project("{FAE04EC0-301F-11D3-BF4B-00C04F79EFBC}") = "NodeRed.Util", "src\NodeRed.Util\NodeRed.Util.csproj", "{79200A68-AF78-44D8-9289-F18B009BCA1B}"
EndProject
Project("{FAE04EC0-301F-11D3-BF4B-00C04F79EFBC}") = "NodeRed.Runtime", "src\NodeRed.Runtime\NodeRed.Runtime.csproj", "{BB7D58FD-2A5E-46DF-B551-ED927302957C}"
EndProject
Project("{FAE04EC0-301F-11D3-BF4B-00C04F79EFBC}") = "NodeRed.Registry", "src\NodeRed.Registry\NodeRed.Registry.csproj", "{6E242F47-08F5-45CE-8202-6C94D3A1B261}"
EndProject
Project("{FAE04EC0-301F-11D3-BF4B-00C04F79EFBC}") = "NodeRed.EditorApi", "src\NodeRed.EditorApi\NodeRed.EditorApi.csproj", "{49162EF7-A813-4015-9665-7D087256A82A}"
EndProject
Project("{FAE04EC0-301F-11D3-BF4B-00C04F79EFBC}") = "NodeRed.Editor", "src\NodeRed.Editor\NodeRed.Editor.csproj", "{05259DAF-F708-4EB5-9418-1F3BBF90F468}"
EndProject
Project("{FAE04EC0-301F-11D3-BF4B-00C04F79EFBC}") = "NodeRed.Nodes.Core", "src\NodeRed.Nodes.Core\NodeRed.Nodes.Core.csproj", "{762677B1-58A2-4F6D-93F0-1AA211E178C7}"
EndProject
Project("{FAE04EC0-301F-11D3-BF4B-00C04F79EFBC}") = "NodeRed.Server", "src\NodeRed.Server\NodeRed.Server.csproj", "{0F0738D4-7BA4-4C3D-ABD7-3AD2FFAAF14A}"
EndProject
Global
	GlobalSection(SolutionConfigurationPlatforms) = preSolution
		Debug|Any CPU = Debug|Any CPU
		Debug|x64 = Debug|x64
		Debug|x86 = Debug|x86
		Release|Any CPU = Release|Any CPU
		Release|x64 = Release|x64
		Release|x86 = Release|x86
	EndGlobalSection
	GlobalSection(ProjectConfigurationPlatforms) = postSolution
		{79200A68-AF78-44D8-9289-F18B009BCA1B}.Debug|Any CPU.ActiveCfg = Debug|Any CPU
		{79200A68-AF78-44D8-9289-F18B009BCA1B}.Debug|Any CPU.Build.0 = Debug|Any CPU
		{79200A68-AF78-44D8-9289-F18B009BCA1B}.Debug|x64.ActiveCfg = Debug|Any CPU
		{79200A68-AF78-44D8-9289-F18B009BCA1B}.Debug|x64.Build.0 = Debug|Any CPU
		{79200A68-AF78-44D8-9289-F18B009BCA1B}.Debug|x86.ActiveCfg = Debug|Any CPU
		{79200A68-AF78-44D8-9289-F18B009BCA1B}.Debug|x86.Build.0 = Debug|Any CPU
		{79200A68-AF78-44D8-9289-F18B009BCA1B}.Release|Any CPU.ActiveCfg = Release|Any CPU
		{79200A68-AF78-44D8-9289-F18B009BCA1B}.Release|Any CPU.Build.0 = Release|Any CPU
		{79200A68-AF78-44D8-9289-F18B009BCA1B}.Release|x64.ActiveCfg = Release|Any CPU
		{79200A68-AF78-44D8-9289-F18B009BCA1B}.Release|x64.Build.0 = Release|Any CPU
		{79200A68-AF78-44D8-9289-F18B009BCA1B}.Release|x86.ActiveCfg = Release|Any CPU
		{79200A68-AF78-44D8-9289-F18B009BCA1B}.Release|x86.Build.0 = Release|Any CPU
		{BB7D58FD-2A5E-46DF-B551-ED927302957C}.Debug|Any CPU.ActiveCfg = Debug|Any CPU
		{BB7D58FD-2A5E-46DF-B551-ED927302957C}.Debug|Any CPU.Build.0 = Debug|Any CPU
		{BB7D58FD-2A5E-46DF-B551-ED927302957C}.Debug|x64.ActiveCfg = Debug|Any CPU
		{BB7D58FD-2A5E-46DF-B551-ED927302957C}.Debug|x64.Build.0 = Debug|Any CPU
		{BB7D58FD-2A5E-46DF-B551-ED927302957C}.Debug|x86.ActiveCfg = Debug|Any CPU
		{BB7D58FD-2A5E-46DF-B551-ED927302957C}.Debug|x86.Build.0 = Debug|Any CPU
		{BB7D58FD-2A5E-46DF-B551-ED927302957C}.Release|Any CPU.ActiveCfg = Release|Any CPU
		{BB7D58FD-2A5E-46DF-B551-ED927302957C}.Release|Any CPU.Build.0 = Release|Any CPU
		{BB7D58FD-2A5E-46DF-B551-ED927302957C}.Release|x64.ActiveCfg = Release|Any CPU
		{BB7D58FD-2A5E-46DF-B551-ED927302957C}.Release|x64.Build.0 = Release|Any CPU
		{BB7D58FD-2A5E-46DF-B551-ED927302957C}.Release|x86.ActiveCfg = Release|Any CPU
		{BB7D58FD-2A5E-46DF-B551-ED927302957C}.Release|x86.Build.0 = Release|Any CPU
		{6E242F47-08F5-45CE-8202-6C94D3A1B261}.Debug|Any CPU.ActiveCfg = Debug|Any CPU
		{6E242F47-08F5-45CE-8202-6C94D3A1B261}.Debug|Any CPU.Build.0 = Debug|Any CPU
		{6E242F47-08F5-45CE-8202-6C94D3A1B261}.Debug|x64.ActiveCfg = Debug|Any CPU
		{6E242F47-08F5-45CE-8202-6C94D3A1B261}.Debug|x64.Build.0 = Debug|Any CPU
		{6E242F47-08F5-45CE-8202-6C94D3A1B261}.Debug|x86.ActiveCfg = Debug|Any CPU
		{6E242F47-08F5-45CE-8202-6C94D3A1B261}.Debug|x86.Build.0 = Debug|Any CPU
		{6E242F47-08F5-45CE-8202-6C94D3A1B261}.Release|Any CPU.ActiveCfg = Release|Any CPU
		{6E242F47-08F5-45CE-8202-6C94D3A1B261}.Release|Any CPU.Build.0 = Release|Any CPU
		{6E242F47-08F5-45CE-8202-6C94D3A1B261}.Release|x64.ActiveCfg = Release|Any CPU
		{6E242F47-08F5-45CE-8202-6C94D3A1B261}.Release|x64.Build.0 = Release|Any CPU
		{6E242F47-08F5-45CE-8202-6C94D3A1B261}.Release|x86.ActiveCfg = Release|Any CPU
		{6E242F47-08F5-45CE-8202-6C94D3A1B261}.Release|x86.Build.0 = Release|Any CPU
		{49162EF7-A813-4015-9665-7D087256A82A}.Debug|Any CPU.ActiveCfg = Debug|Any CPU
		{49162EF7-A813-4015-9665-7D087256A82A}.Debug|Any CPU.Build.0 = Debug|Any CPU
		{49162EF7-A813-4015-9665-7D087256A82A}.Debug|x64.ActiveCfg = Debug|Any CPU
		{49162EF7-A813-4015-9665-7D087256A82A}.Debug|x64.Build.0 = Debug|Any CPU
		{49162EF7-A813-4015-9665-7D087256A82A}.Debug|x86.ActiveCfg = Debug|Any CPU
		{49162EF7-A813-4015-9665-7D087256A82A}.Debug|x86.Build.0 = Debug|Any CPU
		{49162EF7-A813-4015-9665-7D087256A82A}.Release|Any CPU.ActiveCfg = Release|Any CPU
		{49162EF7-A813-4015-9665-7D087256A82A}.Release|Any CPU.Build.0 = Release|Any CPU
		{49162EF7-A813-4015-9665-7D087256A82A}.Release|x64.ActiveCfg = Release|Any CPU
		{49162EF7-A813-4015-9665-7D087256A82A}.Release|x64.Build.0 = Release|Any CPU
		{49162EF7-A813-4015-9665-7D087256A82A}.Release|x86.ActiveCfg = Release|Any CPU
		{49162EF7-A813-4015-9665-7D087256A82A}.Release|x86.Build.0 = Release|Any CPU
		{05259DAF-F708-4EB5-9418-1F3BBF90F468}.Debug|Any CPU.ActiveCfg = Debug|Any CPU
		{05259DAF-F708-4EB5-9418-1F3BBF90F468}.Debug|Any CPU.Build.0 = Debug|Any CPU
		{05259DAF-F708-4EB5-9418-1F3BBF90F468}.Debug|x64.ActiveCfg = Debug|Any CPU
		{05259DAF-F708-4EB5-9418-1F3BBF90F468}.Debug|x64.Build.0 = Debug|Any CPU
		{05259DAF-F708-4EB5-9418-1F3BBF90F468}.Debug|x86.ActiveCfg = Debug|Any CPU
		{05259DAF-F708-4EB5-9418-1F3BBF90F468}.Debug|x86.Build.0 = Debug|Any CPU
		{05259DAF-F708-4EB5-9418-1F3BBF90F468}.Release|Any CPU.ActiveCfg = Release|Any CPU
		{05259DAF-F708-4EB5-9418-1F3BBF90F468}.Release|Any CPU.Build.0 = Release|Any CPU
		{05259DAF-F708-4EB5-9418-1F3BBF90F468}.Release|x64.ActiveCfg = Release|Any CPU
		{05259DAF-F708-4EB5-9418-1F3BBF90F468}.Release|x64.Build.0 = Release|Any CPU
		{05259DAF-F708-4EB5-9418-1F3BBF90F468}.Release|x86.ActiveCfg = Release|Any CPU
		{05259DAF-F708-4EB5-9418-1F3BBF90F468}.Release|x86.Build.0 = Release|Any CPU
		{762677B1-58A2-4F6D-93F0-1AA211E178C7}.Debug|Any CPU.ActiveCfg = Debug|Any CPU
		{762677B1-58A2-4F6D-93F0-1AA211E178C7}.Debug|Any CPU.Build.0 = Debug|Any CPU
		{762677B1-58A2-4F6D-93F0-1AA211E178C7}.Debug|x64.ActiveCfg = Debug|Any CPU
		{762677B1-58A2-4F6D-93F0-1AA211E178C7}.Debug|x64.Build.0 = Debug|Any CPU
		{762677B1-58A2-4F6D-93F0-1AA211E178C7}.Debug|x86.ActiveCfg = Debug|Any CPU
		{762677B1-58A2-4F6D-93F0-1AA211E178C7}.Debug|x86.Build.0 = Debug|Any CPU
		{762677B1-58A2-4F6D-93F0-1AA211E178C7}.Release|Any CPU.ActiveCfg = Release|Any CPU
		{762677B1-58A2-4F6D-93F0-1AA211E178C7}.Release|Any CPU.Build.0 = Release|Any CPU
		{762677B1-58A2-4F6D-93F0-1AA211E178C7}.Release|x64.ActiveCfg = Release|Any CPU
		{762677B1-58A2-4F6D-93F0-1AA211E178C7}.Release|x64.Build.0 = Release|Any CPU
		{762677B1-58A2-4F6D-93F0-1AA211E178C7}.Release|x86.ActiveCfg = Release|Any CPU
		{762677B1-58A2-4F6D-93F0-1AA211E178C7}.Release|x86.Build.0 = Release|Any CPU
		{0F0738D4-7BA4-4C3D-ABD7-3AD2FFAAF14A}.Debug|Any CPU.ActiveCfg = Debug|Any CPU
		{0F0738D4-7BA4-4C3D-ABD7-3AD2FFAAF14A}.Debug|Any CPU.Build.0 = Debug|Any CPU
		{0F0738D4-7BA4-4C3D-ABD7-3AD2FFAAF14A}.Debug|x64.ActiveCfg = Debug|Any CPU
		{0F0738D4-7BA4-4C3D-ABD7-3AD2FFAAF14A}.Debug|x64.Build.0 = Debug|Any CPU
		{0F0738D4-7BA4-4C3D-ABD7-3AD2FFAAF14A}.Debug|x86.ActiveCfg = Debug|Any CPU
		{0F0738D4-7BA4-4C3D-ABD7-3AD2FFAAF14A}.Debug|x86.Build.0 = Debug|Any CPU
		{0F0738D4-7BA4-4C3D-ABD7-3AD2FFAAF14A}.Release|Any CPU.ActiveCfg = Release|Any CPU
		{0F0738D4-7BA4-4C3D-ABD7-3AD2FFAAF14A}.Release|Any CPU.Build.0 = Release|Any CPU
		{0F0738D4-7BA4-4C3D-ABD7-3AD2FFAAF14A}.Release|x64.ActiveCfg = Release|Any CPU
		{0F0738D4-7BA4-4C3D-ABD7-3AD2FFAAF14A}.Release|x64.Build.0 = Release|Any CPU
		{0F0738D4-7BA4-4C3D-ABD7-3AD2FFAAF14A}.Release|x86.ActiveCfg = Release|Any CPU
		{0F0738D4-7BA4-4C3D-ABD7-3AD2FFAAF14A}.Release|x86.Build.0 = Release|Any CPU
	EndGlobalSection
	GlobalSection(SolutionProperties) = preSolution
		HideSolutionNode = FALSE
	EndGlobalSection
	GlobalSection(NestedProjects) = preSolution
		{79200A68-AF78-44D8-9289-F18B009BCA1B} = {827E0CD3-B72D-47B6-A68D-7590B98EB39B}
		{BB7D58FD-2A5E-46DF-B551-ED927302957C} = {827E0CD3-B72D-47B6-A68D-7590B98EB39B}
		{6E242F47-08F5-45CE-8202-6C94D3A1B261} = {827E0CD3-B72D-47B6-A68D-7590B98EB39B}
		{49162EF7-A813-4015-9665-7D087256A82A} = {827E0CD3-B72D-47B6-A68D-7590B98EB39B}
		{05259DAF-F708-4EB5-9418-1F3BBF90F468} = {827E0CD3-B72D-47B6-A68D-7590B98EB39B}
		{762677B1-58A2-4F6D-93F0-1AA211E178C7} = {827E0CD3-B72D-47B6-A68D-7590B98EB39B}
		{0F0738D4-7BA4-4C3D-ABD7-3AD2FFAAF14A} = {827E0CD3-B72D-47B6-A68D-7590B98EB39B}
	EndGlobalSection
EndGlobal
